
Microsoft Visual Studio Solution File, Format Version 11.00
# Visual C# Express 2010
Project("{FAE04EC0-301F-11D3-BF4B-00C04F79EFBC}") = "OwnCloudClient", "OwnCloudClient\OwnCloudClient.csproj", "{0D7FD557-4EA9-4EC2-A36A-7170C87D8763}"
EndProject
Project("{FAE04EC0-301F-11D3-BF4B-00C04F79EFBC}") = "cb.Options", "cb.Options\cb.Options.csproj", "{CBD1904B-A00A-4789-98FF-D63C11386935}"
EndProject
Global
	GlobalSection(SolutionConfigurationPlatforms) = preSolution
		Debug|Any CPU = Debug|Any CPU
		Debug|Mixed Platforms = Debug|Mixed Platforms
		Debug|x86 = Debug|x86
		Release|Any CPU = Release|Any CPU
		Release|Mixed Platforms = Release|Mixed Platforms
		Release|x86 = Release|x86
	EndGlobalSection
	GlobalSection(ProjectConfigurationPlatforms) = postSolution
		{0D7FD557-4EA9-4EC2-A36A-7170C87D8763}.Debug|Any CPU.ActiveCfg = Debug|x86
		{0D7FD557-4EA9-4EC2-A36A-7170C87D8763}.Debug|Mixed Platforms.ActiveCfg = Debug|x86
		{0D7FD557-4EA9-4EC2-A36A-7170C87D8763}.Debug|Mixed Platforms.Build.0 = Debug|x86
		{0D7FD557-4EA9-4EC2-A36A-7170C87D8763}.Debug|x86.ActiveCfg = Debug|x86
		{0D7FD557-4EA9-4EC2-A36A-7170C87D8763}.Debug|x86.Build.0 = Debug|x86
		{0D7FD557-4EA9-4EC2-A36A-7170C87D8763}.Release|Any CPU.ActiveCfg = Release|x86
		{0D7FD557-4EA9-4EC2-A36A-7170C87D8763}.Release|Mixed Platforms.ActiveCfg = Release|x86
		{0D7FD557-4EA9-4EC2-A36A-7170C87D8763}.Release|Mixed Platforms.Build.0 = Release|x86
		{0D7FD557-4EA9-4EC2-A36A-7170C87D8763}.Release|x86.ActiveCfg = Release|x86
		{0D7FD557-4EA9-4EC2-A36A-7170C87D8763}.Release|x86.Build.0 = Release|x86
		{CBD1904B-A00A-4789-98FF-D63C11386935}.Debug|Any CPU.ActiveCfg = Debug|Any CPU
		{CBD1904B-A00A-4789-98FF-D63C11386935}.Debug|Any CPU.Build.0 = Debug|Any CPU
		{CBD1904B-A00A-4789-98FF-D63C11386935}.Debug|Mixed Platforms.ActiveCfg = Debug|Any CPU
		{CBD1904B-A00A-4789-98FF-D63C11386935}.Debug|Mixed Platforms.Build.0 = Debug|Any CPU
		{CBD1904B-A00A-4789-98FF-D63C11386935}.Debug|x86.ActiveCfg = Debug|Any CPU
		{CBD1904B-A00A-4789-98FF-D63C11386935}.Release|Any CPU.ActiveCfg = Release|Any CPU
		{CBD1904B-A00A-4789-98FF-D63C11386935}.Release|Any CPU.Build.0 = Release|Any CPU
		{CBD1904B-A00A-4789-98FF-D63C11386935}.Release|Mixed Platforms.ActiveCfg = Release|Any CPU
		{CBD1904B-A00A-4789-98FF-D63C11386935}.Release|Mixed Platforms.Build.0 = Release|Any CPU
		{CBD1904B-A00A-4789-98FF-D63C11386935}.Release|x86.ActiveCfg = Release|Any CPU
	EndGlobalSection
	GlobalSection(SolutionProperties) = preSolution
		HideSolutionNode = FALSE
	EndGlobalSection
EndGlobal
